
Microsoft Visual Studio Solution File, Format Version 12.00
# Visual Studio Version 17
VisualStudioVersion = 17.14.36203.30 d17.14
MinimumVisualStudioVersion = 10.0.40219.1
Project("{FAE04EC0-301F-11D3-BF4B-00C04F79EFBC}") = "OnboardingPlatform.API", "OnboardingPlatform.API.csproj", "{4FBBA578-3D05-43B7-8D25-81236EC98AE4}"
EndProject
Project("{FAE04EC0-301F-11D3-BF4B-00C04F79EFBC}") = "OnboardingPlatform.Core", "..\OnboardingPlatform.Core\OnboardingPlatform.Core.csproj", "{9D1D3DF1-F7D8-41EE-9BE9-31614C5A2483}"
EndProject
Project("{FAE04EC0-301F-11D3-BF4B-00C04F79EFBC}") = "OnboardingPlatform.Data", "..\OnboardingPlatform.Data\OnboardingPlatform.Data.csproj", "{F2D5FA4E-1565-4B19-A9C1-C64B4111E234}"
EndProject
Project("{FAE04EC0-301F-11D3-BF4B-00C04F79EFBC}") = "OnboardingPlatform.Services", "..\OnboardingPlatform.Services\OnboardingPlatform.Services.csproj", "{507B1B70-3965-47C2-8460-5D7E1C57366B}"
EndProject
Project("{FAE04EC0-301F-11D3-BF4B-00C04F79EFBC}") = "OnboardingPlatform.Utilities", "..\OnboardingPlatform.Utilities\OnboardingPlatform.Utilities.csproj", "{1873095B-C539-480E-9755-D9F99D25659D}"
EndProject
Global
	GlobalSection(SolutionConfigurationPlatforms) = preSolution
		Debug|Any CPU = Debug|Any CPU
		Release|Any CPU = Release|Any CPU
	EndGlobalSection
	GlobalSection(ProjectConfigurationPlatforms) = postSolution
		{4FBBA578-3D05-43B7-8D25-81236EC98AE4}.Debug|Any CPU.ActiveCfg = Debug|Any CPU
		{4FBBA578-3D05-43B7-8D25-81236EC98AE4}.Debug|Any CPU.Build.0 = Debug|Any CPU
		{4FBBA578-3D05-43B7-8D25-81236EC98AE4}.Release|Any CPU.ActiveCfg = Release|Any CPU
		{4FBBA578-3D05-43B7-8D25-81236EC98AE4}.Release|Any CPU.Build.0 = Release|Any CPU
		{9D1D3DF1-F7D8-41EE-9BE9-31614C5A2483}.Debug|Any CPU.ActiveCfg = Debug|Any CPU
		{9D1D3DF1-F7D8-41EE-9BE9-31614C5A2483}.Debug|Any CPU.Build.0 = Debug|Any CPU
		{9D1D3DF1-F7D8-41EE-9BE9-31614C5A2483}.Release|Any CPU.ActiveCfg = Release|Any CPU
		{9D1D3DF1-F7D8-41EE-9BE9-31614C5A2483}.Release|Any CPU.Build.0 = Release|Any CPU
		{F2D5FA4E-1565-4B19-A9C1-C64B4111E234}.Debug|Any CPU.ActiveCfg = Debug|Any CPU
		{F2D5FA4E-1565-4B19-A9C1-C64B4111E234}.Debug|Any CPU.Build.0 = Debug|Any CPU
		{F2D5FA4E-1565-4B19-A9C1-C64B4111E234}.Release|Any CPU.ActiveCfg = Release|Any CPU
		{F2D5FA4E-1565-4B19-A9C1-C64B4111E234}.Release|Any CPU.Build.0 = Release|Any CPU
		{507B1B70-3965-47C2-8460-5D7E1C57366B}.Debug|Any CPU.ActiveCfg = Debug|Any CPU
		{507B1B70-3965-47C2-8460-5D7E1C57366B}.Debug|Any CPU.Build.0 = Debug|Any CPU
		{507B1B70-3965-47C2-8460-5D7E1C57366B}.Release|Any CPU.ActiveCfg = Release|Any CPU
		{507B1B70-3965-47C2-8460-5D7E1C57366B}.Release|Any CPU.Build.0 = Release|Any CPU
		{1873095B-C539-480E-9755-D9F99D25659D}.Debug|Any CPU.ActiveCfg = Debug|Any CPU
		{1873095B-C539-480E-9755-D9F99D25659D}.Debug|Any CPU.Build.0 = Debug|Any CPU
		{1873095B-C539-480E-9755-D9F99D25659D}.Release|Any CPU.ActiveCfg = Release|Any CPU
		{1873095B-C539-480E-9755-D9F99D25659D}.Release|Any CPU.Build.0 = Release|Any CPU
	EndGlobalSection
	GlobalSection(SolutionProperties) = preSolution
		HideSolutionNode = FALSE
	EndGlobalSection
	GlobalSection(ExtensibilityGlobals) = postSolution
		SolutionGuid = {DEE52BF0-C46E-4D17-ACC2-064EF95992BC}
	EndGlobalSection
EndGlobal
